// !$*UTF8*$!
{
	archiveVersion = 1;
	classes = {
	};
	objectVersion = 50;
	objects = {

/* Begin PBXBuildFile section */
		AD1FACCA244CB953007DD9DC /* AppDelegate.swift in Sources */ = {isa = PBXBuildFile; fileRef = AD1FACC9244CB953007DD9DC /* AppDelegate.swift */; };
		AD1FACCC244CB953007DD9DC /* SceneDelegate.swift in Sources */ = {isa = PBXBuildFile; fileRef = AD1FACCB244CB953007DD9DC /* SceneDelegate.swift */; };
		AD1FACCE244CB953007DD9DC /* ContentView.swift in Sources */ = {isa = PBXBuildFile; fileRef = AD1FACCD244CB953007DD9DC /* ContentView.swift */; };
		AD1FACD0244CB956007DD9DC /* Assets.xcassets in Resources */ = {isa = PBXBuildFile; fileRef = AD1FACCF244CB956007DD9DC /* Assets.xcassets */; };
		AD1FACD3244CB956007DD9DC /* Preview Assets.xcassets in Resources */ = {isa = PBXBuildFile; fileRef = AD1FACD2244CB956007DD9DC /* Preview Assets.xcassets */; };
		AD1FACD6244CB956007DD9DC /* LaunchScreen.storyboard in Resources */ = {isa = PBXBuildFile; fileRef = AD1FACD4244CB956007DD9DC /* LaunchScreen.storyboard */; };
		AD1FACE1244CB956007DD9DC /* BG_TimerTests.swift in Sources */ = {isa = PBXBuildFile; fileRef = AD1FACE0244CB956007DD9DC /* BG_TimerTests.swift */; };
		AD1FACEC244CB956007DD9DC /* BG_TimerUITests.swift in Sources */ = {isa = PBXBuildFile; fileRef = AD1FACEB244CB956007DD9DC /* BG_TimerUITests.swift */; };
/* End PBXBuildFile section */

/* Begin PBXContainerItemProxy section */
		AD1FACDD244CB956007DD9DC /* PBXContainerItemProxy */ = {
			isa = PBXContainerItemProxy;
			containerPortal = AD1FACBE244CB953007DD9DC /* Project object */;
			proxyType = 1;
			remoteGlobalIDString = AD1FACC5244CB953007DD9DC;
			remoteInfo = "BG Timer";
		};
		AD1FACE8244CB956007DD9DC /* PBXContainerItemProxy */ = {
			isa = PBXContainerItemProxy;
			containerPortal = AD1FACBE244CB953007DD9DC /* Project object */;
			proxyType = 1;
			remoteGlobalIDString = AD1FACC5244CB953007DD9DC;
			remoteInfo = "BG Timer";
		};
/* End PBXContainerItemProxy section */

/* Begin PBXFileReference section */
		AD1FACC6244CB953007DD9DC /* SimpleTimer.app */ = {isa = PBXFileReference; explicitFileType = wrapper.application; includeInIndex = 0; path = SimpleTimer.app; sourceTree = BUILT_PRODUCTS_DIR; };
		AD1FACC9244CB953007DD9DC /* AppDelegate.swift */ = {isa = PBXFileReference; lastKnownFileType = sourcecode.swift; path = AppDelegate.swift; sourceTree = "<group>"; };
		AD1FACCB244CB953007DD9DC /* SceneDelegate.swift */ = {isa = PBXFileReference; lastKnownFileType = sourcecode.swift; path = SceneDelegate.swift; sourceTree = "<group>"; };
		AD1FACCD244CB953007DD9DC /* ContentView.swift */ = {isa = PBXFileReference; lastKnownFileType = sourcecode.swift; path = ContentView.swift; sourceTree = "<group>"; };
		AD1FACCF244CB956007DD9DC /* Assets.xcassets */ = {isa = PBXFileReference; lastKnownFileType = folder.assetcatalog; path = Assets.xcassets; sourceTree = "<group>"; };
		AD1FACD2244CB956007DD9DC /* Preview Assets.xcassets */ = {isa = PBXFileReference; lastKnownFileType = folder.assetcatalog; path = "Preview Assets.xcassets"; sourceTree = "<group>"; };
		AD1FACD5244CB956007DD9DC /* Base */ = {isa = PBXFileReference; lastKnownFileType = file.storyboard; name = Base; path = Base.lproj/LaunchScreen.storyboard; sourceTree = "<group>"; };
		AD1FACD7244CB956007DD9DC /* Info.plist */ = {isa = PBXFileReference; lastKnownFileType = text.plist.xml; path = Info.plist; sourceTree = "<group>"; };
		AD1FACDC244CB956007DD9DC /* SimpleTimerTests.xctest */ = {isa = PBXFileReference; explicitFileType = wrapper.cfbundle; includeInIndex = 0; path = SimpleTimerTests.xctest; sourceTree = BUILT_PRODUCTS_DIR; };
		AD1FACE0244CB956007DD9DC /* BG_TimerTests.swift */ = {isa = PBXFileReference; lastKnownFileType = sourcecode.swift; path = BG_TimerTests.swift; sourceTree = "<group>"; };
		AD1FACE2244CB956007DD9DC /* Info.plist */ = {isa = PBXFileReference; lastKnownFileType = text.plist.xml; path = Info.plist; sourceTree = "<group>"; };
		AD1FACE7244CB956007DD9DC /* SimpleTimerUITests.xctest */ = {isa = PBXFileReference; explicitFileType = wrapper.cfbundle; includeInIndex = 0; path = SimpleTimerUITests.xctest; sourceTree = BUILT_PRODUCTS_DIR; };
		AD1FACEB244CB956007DD9DC /* BG_TimerUITests.swift */ = {isa = PBXFileReference; lastKnownFileType = sourcecode.swift; path = BG_TimerUITests.swift; sourceTree = "<group>"; };
		AD1FACED244CB956007DD9DC /* Info.plist */ = {isa = PBXFileReference; lastKnownFileType = text.plist.xml; path = Info.plist; sourceTree = "<group>"; };
/* End PBXFileReference section */

/* Begin PBXFrameworksBuildPhase section */
		AD1FACC3244CB953007DD9DC /* Frameworks */ = {
			isa = PBXFrameworksBuildPhase;
			buildActionMask = 2147483647;
			files = (
			);
			runOnlyForDeploymentPostprocessing = 0;
		};
		AD1FACD9244CB956007DD9DC /* Frameworks */ = {
			isa = PBXFrameworksBuildPhase;
			buildActionMask = 2147483647;
			files = (
			);
			runOnlyForDeploymentPostprocessing = 0;
		};
		AD1FACE4244CB956007DD9DC /* Frameworks */ = {
			isa = PBXFrameworksBuildPhase;
			buildActionMask = 2147483647;
			files = (
			);
			runOnlyForDeploymentPostprocessing = 0;
		};
/* End PBXFrameworksBuildPhase section */

/* Begin PBXGroup section */
		AD1FACBD244CB953007DD9DC = {
			isa = PBXGroup;
			children = (
				AD1FACC8244CB953007DD9DC /* SimpleTimer */,
				AD1FACDF244CB956007DD9DC /* BG TimerTests */,
				AD1FACEA244CB956007DD9DC /* BG TimerUITests */,
				AD1FACC7244CB953007DD9DC /* Products */,
			);
			sourceTree = "<group>";
		};
		AD1FACC7244CB953007DD9DC /* Products */ = {
			isa = PBXGroup;
			children = (
				AD1FACC6244CB953007DD9DC /* SimpleTimer.app */,
				AD1FACDC244CB956007DD9DC /* SimpleTimerTests.xctest */,
				AD1FACE7244CB956007DD9DC /* SimpleTimerUITests.xctest */,
			);
			name = Products;
			sourceTree = "<group>";
		};
		AD1FACC8244CB953007DD9DC /* SimpleTimer */ = {
			isa = PBXGroup;
			children = (
				AD1FACC9244CB953007DD9DC /* AppDelegate.swift */,
				AD1FACCB244CB953007DD9DC /* SceneDelegate.swift */,
				AD1FACCD244CB953007DD9DC /* ContentView.swift */,
				AD1FACCF244CB956007DD9DC /* Assets.xcassets */,
				AD1FACD4244CB956007DD9DC /* LaunchScreen.storyboard */,
				AD1FACD7244CB956007DD9DC /* Info.plist */,
				AD1FACD1244CB956007DD9DC /* Preview Content */,
			);
			path = SimpleTimer;
			sourceTree = "<group>";
		};
		AD1FACD1244CB956007DD9DC /* Preview Content */ = {
			isa = PBXGroup;
			children = (
				AD1FACD2244CB956007DD9DC /* Preview Assets.xcassets */,
			);
			path = "Preview Content";
			sourceTree = "<group>";
		};
		AD1FACDF244CB956007DD9DC /* BG TimerTests */ = {
			isa = PBXGroup;
			children = (
				AD1FACE0244CB956007DD9DC /* BG_TimerTests.swift */,
				AD1FACE2244CB956007DD9DC /* Info.plist */,
			);
			path = "BG TimerTests";
			sourceTree = "<group>";
		};
		AD1FACEA244CB956007DD9DC /* BG TimerUITests */ = {
			isa = PBXGroup;
			children = (
				AD1FACEB244CB956007DD9DC /* BG_TimerUITests.swift */,
				AD1FACED244CB956007DD9DC /* Info.plist */,
			);
			path = "BG TimerUITests";
			sourceTree = "<group>";
		};
/* End PBXGroup section */

/* Begin PBXNativeTarget section */
		AD1FACC5244CB953007DD9DC /* SimpleTimer */ = {
			isa = PBXNativeTarget;
			buildConfigurationList = AD1FACF0244CB956007DD9DC /* Build configuration list for PBXNativeTarget "SimpleTimer" */;
			buildPhases = (
				AD1FACC2244CB953007DD9DC /* Sources */,
				AD1FACC3244CB953007DD9DC /* Frameworks */,
				AD1FACC4244CB953007DD9DC /* Resources */,
			);
			buildRules = (
			);
			dependencies = (
			);
			name = SimpleTimer;
			productName = "BG Timer";
			productReference = AD1FACC6244CB953007DD9DC /* SimpleTimer.app */;
			productType = "com.apple.product-type.application";
		};
		AD1FACDB244CB956007DD9DC /* SimpleTimerTests */ = {
			isa = PBXNativeTarget;
			buildConfigurationList = AD1FACF3244CB956007DD9DC /* Build configuration list for PBXNativeTarget "SimpleTimerTests" */;
			buildPhases = (
				AD1FACD8244CB956007DD9DC /* Sources */,
				AD1FACD9244CB956007DD9DC /* Frameworks */,
				AD1FACDA244CB956007DD9DC /* Resources */,
			);
			buildRules = (
			);
			dependencies = (
				AD1FACDE244CB956007DD9DC /* PBXTargetDependency */,
			);
			name = SimpleTimerTests;
			productName = "BG TimerTests";
			productReference = AD1FACDC244CB956007DD9DC /* SimpleTimerTests.xctest */;
			productType = "com.apple.product-type.bundle.unit-test";
		};
		AD1FACE6244CB956007DD9DC /* SimpleTimerUITests */ = {
			isa = PBXNativeTarget;
			buildConfigurationList = AD1FACF6244CB956007DD9DC /* Build configuration list for PBXNativeTarget "SimpleTimerUITests" */;
			buildPhases = (
				AD1FACE3244CB956007DD9DC /* Sources */,
				AD1FACE4244CB956007DD9DC /* Frameworks */,
				AD1FACE5244CB956007DD9DC /* Resources */,
			);
			buildRules = (
			);
			dependencies = (
				AD1FACE9244CB956007DD9DC /* PBXTargetDependency */,
			);
			name = SimpleTimerUITests;
			productName = "BG TimerUITests";
			productReference = AD1FACE7244CB956007DD9DC /* SimpleTimerUITests.xctest */;
			productType = "com.apple.product-type.bundle.ui-testing";
		};
/* End PBXNativeTarget section */

/* Begin PBXProject section */
		AD1FACBE244CB953007DD9DC /* Project object */ = {
			isa = PBXProject;
			attributes = {
				LastSwiftUpdateCheck = 1140;
				LastUpgradeCheck = 1300;
				ORGANIZATIONNAME = Balaji;
				TargetAttributes = {
					AD1FACC5244CB953007DD9DC = {
						CreatedOnToolsVersion = 11.4;
					};
					AD1FACDB244CB956007DD9DC = {
						CreatedOnToolsVersion = 11.4;
						TestTargetID = AD1FACC5244CB953007DD9DC;
					};
					AD1FACE6244CB956007DD9DC = {
						CreatedOnToolsVersion = 11.4;
						TestTargetID = AD1FACC5244CB953007DD9DC;
					};
				};
			};
			buildConfigurationList = AD1FACC1244CB953007DD9DC /* Build configuration list for PBXProject "SimpleTimer" */;
			compatibilityVersion = "Xcode 9.3";
			developmentRegion = en;
			hasScannedForEncodings = 0;
			knownRegions = (
				en,
				Base,
			);
			mainGroup = AD1FACBD244CB953007DD9DC;
			productRefGroup = AD1FACC7244CB953007DD9DC /* Products */;
			projectDirPath = "";
			projectRoot = "";
			targets = (
				AD1FACC5244CB953007DD9DC /* SimpleTimer */,
				AD1FACDB244CB956007DD9DC /* SimpleTimerTests */,
				AD1FACE6244CB956007DD9DC /* SimpleTimerUITests */,
			);
		};
/* End PBXProject section */

/* Begin PBXResourcesBuildPhase section */
		AD1FACC4244CB953007DD9DC /* Resources */ = {
			isa = PBXResourcesBuildPhase;
			buildActionMask = 2147483647;
			files = (
				AD1FACD6244CB956007DD9DC /* LaunchScreen.storyboard in Resources */,
				AD1FACD3244CB956007DD9DC /* Preview Assets.xcassets in Resources */,
				AD1FACD0244CB956007DD9DC /* Assets.xcassets in Resources */,
			);
			runOnlyForDeploymentPostprocessing = 0;
		};
		AD1FACDA244CB956007DD9DC /* Resources */ = {
			isa = PBXResourcesBuildPhase;
			buildActionMask = 2147483647;
			files = (
			);
			runOnlyForDeploymentPostprocessing = 0;
		};
		AD1FACE5244CB956007DD9DC /* Resources */ = {
			isa = PBXResourcesBuildPhase;
			buildActionMask = 2147483647;
			files = (
			);
			runOnlyForDeploymentPostprocessing = 0;
		};
/* End PBXResourcesBuildPhase section */

/* Begin PBXSourcesBuildPhase section */
		AD1FACC2244CB953007DD9DC /* Sources */ = {
			isa = PBXSourcesBuildPhase;
			buildActionMask = 2147483647;
			files = (
				AD1FACCA244CB953007DD9DC /* AppDelegate.swift in Sources */,
				AD1FACCC244CB953007DD9DC /* SceneDelegate.swift in Sources */,
				AD1FACCE244CB953007DD9DC /* ContentView.swift in Sources */,
			);
			runOnlyForDeploymentPostprocessing = 0;
		};
		AD1FACD8244CB956007DD9DC /* Sources */ = {
			isa = PBXSourcesBuildPhase;
			buildActionMask = 2147483647;
			files = (
				AD1FACE1244CB956007DD9DC /* BG_TimerTests.swift in Sources */,
			);
			runOnlyForDeploymentPostprocessing = 0;
		};
		AD1FACE3244CB956007DD9DC /* Sources */ = {
			isa = PBXSourcesBuildPhase;
			buildActionMask = 2147483647;
			files = (
				AD1FACEC244CB956007DD9DC /* BG_TimerUITests.swift in Sources */,
			);
			runOnlyForDeploymentPostprocessing = 0;
		};
/* End PBXSourcesBuildPhase section */

/* Begin PBXTargetDependency section */
		AD1FACDE244CB956007DD9DC /* PBXTargetDependency */ = {
			isa = PBXTargetDependency;
			target = AD1FACC5244CB953007DD9DC /* SimpleTimer */;
			targetProxy = AD1FACDD244CB956007DD9DC /* PBXContainerItemProxy */;
		};
		AD1FACE9244CB956007DD9DC /* PBXTargetDependency */ = {
			isa = PBXTargetDependency;
			target = AD1FACC5244CB953007DD9DC /* SimpleTimer */;
			targetProxy = AD1FACE8244CB956007DD9DC /* PBXContainerItemProxy */;
		};
/* End PBXTargetDependency section */

/* Begin PBXVariantGroup section */
		AD1FACD4244CB956007DD9DC /* LaunchScreen.storyboard */ = {
			isa = PBXVariantGroup;
			children = (
				AD1FACD5244CB956007DD9DC /* Base */,
			);
			name = LaunchScreen.storyboard;
			sourceTree = "<group>";
		};
/* End PBXVariantGroup section */

/* Begin XCBuildConfiguration section */
		AD1FACEE244CB956007DD9DC /* Debug */ = {
			isa = XCBuildConfiguration;
			buildSettings = {
				ALWAYS_SEARCH_USER_PATHS = NO;
				CLANG_ANALYZER_NONNULL = YES;
				CLANG_ANALYZER_NUMBER_OBJECT_CONVERSION = YES_AGGRESSIVE;
				CLANG_CXX_LANGUAGE_STANDARD = "gnu++14";
				CLANG_CXX_LIBRARY = "libc++";
				CLANG_ENABLE_MODULES = YES;
				CLANG_ENABLE_OBJC_ARC = YES;
				CLANG_ENABLE_OBJC_WEAK = YES;
				CLANG_WARN_BLOCK_CAPTURE_AUTORELEASING = YES;
				CLANG_WARN_BOOL_CONVERSION = YES;
				CLANG_WARN_COMMA = YES;
				CLANG_WARN_CONSTANT_CONVERSION = YES;
				CLANG_WARN_DEPRECATED_OBJC_IMPLEMENTATIONS = YES;
				CLANG_WARN_DIRECT_OBJC_ISA_USAGE = YES_ERROR;
				CLANG_WARN_DOCUMENTATION_COMMENTS = YES;
				CLANG_WARN_EMPTY_BODY = YES;
				CLANG_WARN_ENUM_CONVERSION = YES;
				CLANG_WARN_INFINITE_RECURSION = YES;
				CLANG_WARN_INT_CONVERSION = YES;
				CLANG_WARN_NON_LITERAL_NULL_CONVERSION = YES;
				CLANG_WARN_OBJC_IMPLICIT_RETAIN_SELF = YES;
				CLANG_WARN_OBJC_LITERAL_CONVERSION = YES;
				CLANG_WARN_OBJC_ROOT_CLASS = YES_ERROR;
				CLANG_WARN_QUOTED_INCLUDE_IN_FRAMEWORK_HEADER = YES;
				CLANG_WARN_RANGE_LOOP_ANALYSIS = YES;
				CLANG_WARN_STRICT_PROTOTYPES = YES;
				CLANG_WARN_SUSPICIOUS_MOVE = YES;
				CLANG_WARN_UNGUARDED_AVAILABILITY = YES_AGGRESSIVE;
				CLANG_WARN_UNREACHABLE_CODE = YES;
				CLANG_WARN__DUPLICATE_METHOD_MATCH = YES;
				COPY_PHASE_STRIP = NO;
				DEBUG_INFORMATION_FORMAT = dwarf;
				ENABLE_STRICT_OBJC_MSGSEND = YES;
				ENABLE_TESTABILITY = YES;
				GCC_C_LANGUAGE_STANDARD = gnu11;
				GCC_DYNAMIC_NO_PIC = NO;
				GCC_NO_COMMON_BLOCKS = YES;
				GCC_OPTIMIZATION_LEVEL = 0;
				GCC_PREPROCESSOR_DEFINITIONS = (
					"DEBUG=1",
					"$(inherited)",
				);
				GCC_WARN_64_TO_32_BIT_CONVERSION = YES;
				GCC_WARN_ABOUT_RETURN_TYPE = YES_ERROR;
				GCC_WARN_UNDECLARED_SELECTOR = YES;
				GCC_WARN_UNINITIALIZED_AUTOS = YES_AGGRESSIVE;
				GCC_WARN_UNUSED_FUNCTION = YES;
				GCC_WARN_UNUSED_VARIABLE = YES;
				IPHONEOS_DEPLOYMENT_TARGET = 13.4;
				MTL_ENABLE_DEBUG_INFO = INCLUDE_SOURCE;
				MTL_FAST_MATH = YES;
				ONLY_ACTIVE_ARCH = YES;
				SDKROOT = iphoneos;
				SWIFT_ACTIVE_COMPILATION_CONDITIONS = DEBUG;
				SWIFT_OPTIMIZATION_LEVEL = "-Onone";
			};
			name = Debug;
		};
		AD1FACEF244CB956007DD9DC /* Release */ = {
			isa = XCBuildConfiguration;
			buildSettings = {
				ALWAYS_SEARCH_USER_PATHS = NO;
				CLANG_ANALYZER_NONNULL = YES;
				CLANG_ANALYZER_NUMBER_OBJECT_CONVERSION = YES_AGGRESSIVE;
				CLANG_CXX_LANGUAGE_STANDARD = "gnu++14";
				CLANG_CXX_LIBRARY = "libc++";
				CLANG_ENABLE_MODULES = YES;
				CLANG_ENABLE_OBJC_ARC = YES;
				CLANG_ENABLE_OBJC_WEAK = YES;
				CLANG_WARN_BLOCK_CAPTURE_AUTORELEASING = YES;
				CLANG_WARN_BOOL_CONVERSION = YES;
				CLANG_WARN_COMMA = YES;
				CLANG_WARN_CONSTANT_CONVERSION = YES;
				CLANG_WARN_DEPRECATED_OBJC_IMPLEMENTATIONS = YES;
				CLANG_WARN_DIRECT_OBJC_ISA_USAGE = YES_ERROR;
				CLANG_WARN_DOCUMENTATION_COMMENTS = YES;
				CLANG_WARN_EMPTY_BODY = YES;
				CLANG_WARN_ENUM_CONVERSION = YES;
				CLANG_WARN_INFINITE_RECURSION = YES;
				CLANG_WARN_INT_CONVERSION = YES;
				CLANG_WARN_NON_LITERAL_NULL_CONVERSION = YES;
				CLANG_WARN_OBJC_IMPLICIT_RETAIN_SELF = YES;
				CLANG_WARN_OBJC_LITERAL_CONVERSION = YES;
				CLANG_WARN_OBJC_ROOT_CLASS = YES_ERROR;
				CLANG_WARN_QUOTED_INCLUDE_IN_FRAMEWORK_HEADER = YES;
				CLANG_WARN_RANGE_LOOP_ANALYSIS = YES;
				CLANG_WARN_STRICT_PROTOTYPES = YES;
				CLANG_WARN_SUSPICIOUS_MOVE = YES;
				CLANG_WARN_UNGUARDED_AVAILABILITY = YES_AGGRESSIVE;
				CLANG_WARN_UNREACHABLE_CODE = YES;
				CLANG_WARN__DUPLICATE_METHOD_MATCH = YES;
				COPY_PHASE_STRIP = NO;
				DEBUG_INFORMATION_FORMAT = "dwarf-with-dsym";
				ENABLE_NS_ASSERTIONS = NO;
				ENABLE_STRICT_OBJC_MSGSEND = YES;
				GCC_C_LANGUAGE_STANDARD = gnu11;
				GCC_NO_COMMON_BLOCKS = YES;
				GCC_WARN_64_TO_32_BIT_CONVERSION = YES;
				GCC_WARN_ABOUT_RETURN_TYPE = YES_ERROR;
				GCC_WARN_UNDECLARED_SELECTOR = YES;
				GCC_WARN_UNINITIALIZED_AUTOS = YES_AGGRESSIVE;
				GCC_WARN_UNUSED_FUNCTION = YES;
				GCC_WARN_UNUSED_VARIABLE = YES;
				IPHONEOS_DEPLOYMENT_TARGET = 13.4;
				MTL_ENABLE_DEBUG_INFO = NO;
				MTL_FAST_MATH = YES;
				SDKROOT = iphoneos;
				SWIFT_COMPILATION_MODE = wholemodule;
				SWIFT_OPTIMIZATION_LEVEL = "-O";
				VALIDATE_PRODUCT = YES;
			};
			name = Release;
		};
		AD1FACF1244CB956007DD9DC /* Debug */ = {
			isa = XCBuildConfiguration;
			buildSettings = {
				ASSETCATALOG_COMPILER_APPICON_NAME = AppIcon;
				CODE_SIGN_STYLE = Automatic;
				DEVELOPMENT_ASSET_PATHS = "\"SimpleTimer/Preview Content\"";
				ENABLE_PREVIEWS = YES;
				INFOPLIST_FILE = SimpleTimer/Info.plist;
				LD_RUNPATH_SEARCH_PATHS = (
					"$(inherited)",
					"@executable_path/Frameworks",
				);
				PRODUCT_BUNDLE_IDENTIFIER = com.Vaughnantonio.SimpletimerIOS;
				PRODUCT_NAME = "$(TARGET_NAME)";
				SWIFT_VERSION = 5.0;
				TARGETED_DEVICE_FAMILY = "1,2";
			};
			name = Debug;
		};
		AD1FACF2244CB956007DD9DC /* Release */ = {
			isa = XCBuildConfiguration;
			buildSettings = {
				ASSETCATALOG_COMPILER_APPICON_NAME = AppIcon;
				CODE_SIGN_STYLE = Automatic;
				DEVELOPMENT_ASSET_PATHS = "\"SimpleTimer/Preview Content\"";
				ENABLE_PREVIEWS = YES;
				INFOPLIST_FILE = SimpleTimer/Info.plist;
				LD_RUNPATH_SEARCH_PATHS = (
					"$(inherited)",
					"@executable_path/Frameworks",
				);
				PRODUCT_BUNDLE_IDENTIFIER = com.Vaughnantonio.SimpletimerIOS;
				PRODUCT_NAME = "$(TARGET_NAME)";
				SWIFT_VERSION = 5.0;
				TARGETED_DEVICE_FAMILY = "1,2";
			};
			name = Release;
		};
		AD1FACF4244CB956007DD9DC /* Debug */ = {
			isa = XCBuildConfiguration;
			buildSettings = {
				ALWAYS_EMBED_SWIFT_STANDARD_LIBRARIES = YES;
				BUNDLE_LOADER = "$(TEST_HOST)";
				CODE_SIGN_STYLE = Automatic;
				INFOPLIST_FILE = "BG TimerTests/Info.plist";
				IPHONEOS_DEPLOYMENT_TARGET = 13.4;
				LD_RUNPATH_SEARCH_PATHS = (
					"$(inherited)",
					"@executable_path/Frameworks",
					"@loader_path/Frameworks",
				);
				PRODUCT_BUNDLE_IDENTIFIER = "Kavsoft.BG-TimerTests";
				PRODUCT_NAME = "$(TARGET_NAME)";
				SWIFT_VERSION = 5.0;
				TARGETED_DEVICE_FAMILY = "1,2";
				TEST_HOST = "$(BUILT_PRODUCTS_DIR)/SimpleTimer.app/SimpleTimer";
			};
			name = Debug;
		};
		AD1FACF5244CB956007DD9DC /* Release */ = {
			isa = XCBuildConfiguration;
			buildSettings = {
				ALWAYS_EMBED_SWIFT_STANDARD_LIBRARIES = YES;
				BUNDLE_LOADER = "$(TEST_HOST)";
				CODE_SIGN_STYLE = Automatic;
				INFOPLIST_FILE = "BG TimerTests/Info.plist";
				IPHONEOS_DEPLOYMENT_TARGET = 13.4;
				LD_RUNPATH_SEARCH_PATHS = (
					"$(inherited)",
					"@executable_path/Frameworks",
					"@loader_path/Frameworks",
				);
				PRODUCT_BUNDLE_IDENTIFIER = "Kavsoft.BG-TimerTests";
				PRODUCT_NAME = "$(TARGET_NAME)";
				SWIFT_VERSION = 5.0;
				TARGETED_DEVICE_FAMILY = "1,2";
				TEST_HOST = "$(BUILT_PRODUCTS_DIR)/SimpleTimer.app/SimpleTimer";
			};
			name = Release;
		};
		AD1FACF7244CB956007DD9DC /* Debug */ = {
			isa = XCBuildConfiguration;
			buildSettings = {
				ALWAYS_EMBED_SWIFT_STANDARD_LIBRARIES = YES;
				CODE_SIGN_STYLE = Automatic;
				INFOPLIST_FILE = "BG TimerUITests/Info.plist";
				LD_RUNPATH_SEARCH_PATHS = (
					"$(inherited)",
					"@executable_path/Frameworks",
					"@loader_path/Frameworks",
				);
				PRODUCT_BUNDLE_IDENTIFIER = "Kavsoft.BG-TimerUITests";
				PRODUCT_NAME = "$(TARGET_NAME)";
				SWIFT_VERSION = 5.0;
				TARGETED_DEVICE_FAMILY = "1,2";
				TEST_TARGET_NAME = "BG Timer";
			};
			name = Debug;
		};
		AD1FACF8244CB956007DD9DC /* Release */ = {
			isa = XCBuildConfiguration;
			buildSettings = {
				ALWAYS_EMBED_SWIFT_STANDARD_LIBRARIES = YES;
				CODE_SIGN_STYLE = Automatic;
				INFOPLIST_FILE = "BG TimerUITests/Info.plist";
				LD_RUNPATH_SEARCH_PATHS = (
					"$(inherited)",
					"@executable_path/Frameworks",
					"@loader_path/Frameworks",
				);
				PRODUCT_BUNDLE_IDENTIFIER = "Kavsoft.BG-TimerUITests";
				PRODUCT_NAME = "$(TARGET_NAME)";
				SWIFT_VERSION = 5.0;
				TARGETED_DEVICE_FAMILY = "1,2";
				TEST_TARGET_NAME = "BG Timer";
			};
			name = Release;
		};
/* End XCBuildConfiguration section */

/* Begin XCConfigurationList section */
		AD1FACC1244CB953007DD9DC /* Build configuration list for PBXProject "SimpleTimer" */ = {
			isa = XCConfigurationList;
			buildConfigurations = (
				AD1FACEE244CB956007DD9DC /* Debug */,
				AD1FACEF244CB956007DD9DC /* Release */,
			);
			defaultConfigurationIsVisible = 0;
			defaultConfigurationName = Release;
		};
		AD1FACF0244CB956007DD9DC /* Build configuration list for PBXNativeTarget "SimpleTimer" */ = {
			isa = XCConfigurationList;
			buildConfigurations = (
				AD1FACF1244CB956007DD9DC /* Debug */,
				AD1FACF2244CB956007DD9DC /* Release */,
			);
			defaultConfigurationIsVisible = 0;
			defaultConfigurationName = Release;
		};
		AD1FACF3244CB956007DD9DC /* Build configuration list for PBXNativeTarget "SimpleTimerTests" */ = {
			isa = XCConfigurationList;
			buildConfigurations = (
				AD1FACF4244CB956007DD9DC /* Debug */,
				AD1FACF5244CB956007DD9DC /* Release */,
			);
			defaultConfigurationIsVisible = 0;
			defaultConfigurationName = Release;
		};
		AD1FACF6244CB956007DD9DC /* Build configuration list for PBXNativeTarget "SimpleTimerUITests" */ = {
			isa = XCConfigurationList;
			buildConfigurations = (
				AD1FACF7244CB956007DD9DC /* Debug */,
				AD1FACF8244CB956007DD9DC /* Release */,
			);
			defaultConfigurationIsVisible = 0;
			defaultConfigurationName = Release;
		};
/* End XCConfigurationList section */
	};
	rootObject = AD1FACBE244CB953007DD9DC /* Project object */;
}
